Microsoft Visual Studio Solution File, Format Version 12.00
# Visual Studio 14
Project("{8BC9CEB8-8B4A-11D0-8D11-00A0C91BC942}") = "ALL_BUILD", "ALL_BUILD.vcxproj", "{BC2FFE6E-E545-4728-87FC-B1F4DAEA6D1E}"
	ProjectSection(ProjectDependencies) = postProject
		{CAC6D52D-AB5E-4F62-8830-E11D2CA641A7} = {CAC6D52D-AB5E-4F62-8830-E11D2CA641A7}
		{E3EAC8DE-F470-4B16-91D0-BF84900B2C9D} = {E3EAC8DE-F470-4B16-91D0-BF84900B2C9D}
		{C03B749B-B9B9-4F1E-B602-4E62FF6D07C3} = {C03B749B-B9B9-4F1E-B602-4E62FF6D07C3}
		{273C8823-BAAD-4C70-B167-5488FDE78D4B} = {273C8823-BAAD-4C70-B167-5488FDE78D4B}
		{606C0496-411D-4676-B54C-F1CE6D1AEA94} = {606C0496-411D-4676-B54C-F1CE6D1AEA94}
		{DEE6D94E-8595-4598-871B-5BE21595BC87} = {DEE6D94E-8595-4598-871B-5BE21595BC87}
		{2360B2B2-5B10-47CD-9E3B-4564871F810A} = {2360B2B2-5B10-47CD-9E3B-4564871F810A}
		{2B616E05-CB05-4B21-AD06-8097C79DAAC3} = {2B616E05-CB05-4B21-AD06-8097C79DAAC3}
		{D433363C-84BC-4C1D-9181-535807FF1181} = {D433363C-84BC-4C1D-9181-535807FF1181}
		{0E42AC13-782A-4E6E-B769-456AD8E86733} = {0E42AC13-782A-4E6E-B769-456AD8E86733}
		{FA8F4B00-E304-4947-96C8-D505D8E07692} = {FA8F4B00-E304-4947-96C8-D505D8E07692}
		{97A0719F-3682-4B8D-9104-9EB079D3E6C7} = {97A0719F-3682-4B8D-9104-9EB079D3E6C7}
		{C5342CF5-B9FC-4EFC-8D49-AAF963E8D55A} = {C5342CF5-B9FC-4EFC-8D49-AAF963E8D55A}
		{FCB09172-64FE-4BE5-8A99-39882B17787F} = {FCB09172-64FE-4BE5-8A99-39882B17787F}
		{436B29BB-C750-4FC3-A863-1C5BF2B3264C} = {436B29BB-C750-4FC3-A863-1C5BF2B3264C}
		{82C7CDDD-42E7-4B2A-8125-39D576368ECC} = {82C7CDDD-42E7-4B2A-8125-39D576368ECC}
		{5982EC21-EB5F-46DB-958D-29C331A85CD5} = {5982EC21-EB5F-46DB-958D-29C331A85CD5}
		{DE9B3D05-8F15-4868-82F2-65C1B4167CB8} = {DE9B3D05-8F15-4868-82F2-65C1B4167CB8}
		{41F8EE83-AC5E-4DAF-A446-C2019F075D11} = {41F8EE83-AC5E-4DAF-A446-C2019F075D11}
		{EAE32B89-F06E-4103-B61C-35CDEC7EF0F6} = {EAE32B89-F06E-4103-B61C-35CDEC7EF0F6}
		{004E059E-E20C-49B0-B2D1-C9A4BC2FE1FB} = {004E059E-E20C-49B0-B2D1-C9A4BC2FE1FB}
		{BDDF16C9-0563-4B6E-BF91-87697F7514CE} = {BDDF16C9-0563-4B6E-BF91-87697F7514CE}
		{6FBF80C9-9575-4E24-B2A7-AE007385C9F8} = {6FBF80C9-9575-4E24-B2A7-AE007385C9F8}
		{46244277-855A-41D5-8C10-707D74DF4C2C} = {46244277-855A-41D5-8C10-707D74DF4C2C}
		{502E4793-1B3D-4ACE-861D-2415972CCAFA} = {502E4793-1B3D-4ACE-861D-2415972CCAFA}
		{6F113BD6-3567-43AA-A779-B9E2DE96209E} = {6F113BD6-3567-43AA-A779-B9E2DE96209E}
		{8D3207C5-2BB4-44E4-9E0B-0C86506A8D7E} = {8D3207C5-2BB4-44E4-9E0B-0C86506A8D7E}
		{FF91B6DE-6998-47F6-86A6-E2BA7B9423EC} = {FF91B6DE-6998-47F6-86A6-E2BA7B9423EC}
		{40B1F77A-FF09-482E-9830-7392BE8DD8BB} = {40B1F77A-FF09-482E-9830-7392BE8DD8BB}
		{96FCB6AF-B4F0-43F4-8CC3-E403EC8DA2AB} = {96FCB6AF-B4F0-43F4-8CC3-E403EC8DA2AB}
		{66162A73-2127-456A-B89A-FC2782F16FCE} = {66162A73-2127-456A-B89A-FC2782F16FCE}
		{AD88064D-3B22-4148-96BF-A845D7295FB7} = {AD88064D-3B22-4148-96BF-A845D7295FB7}
		{444B53E0-22E2-4294-A430-37DA2223B0B4} = {444B53E0-22E2-4294-A430-37DA2223B0B4}
		{B2A71ED6-4420-49A9-AB86-06747B0AE010} = {B2A71ED6-4420-49A9-AB86-06747B0AE010}
		{DC07AE30-36E0-4F64-8A68-9C08EE9B2C44} = {DC07AE30-36E0-4F64-8A68-9C08EE9B2C44}
		{59BA794E-92A4-4226-80FA-4F3A45F05C23} = {59BA794E-92A4-4226-80FA-4F3A45F05C23}
		{752F08A7-99FA-4577-A613-92FDA7BC3B40} = {752F08A7-99FA-4577-A613-92FDA7BC3B40}
		{F6719ED5-6E9D-48C0-A433-92960A560E61} = {F6719ED5-6E9D-48C0-A433-92960A560E61}
		{E5372154-B016-40C9-9131-59893B786730} = {E5372154-B016-40C9-9131-59893B786730}
		{3215F753-1E91-4F5F-894C-CF5A6B078E1A} = {3215F753-1E91-4F5F-894C-CF5A6B078E1A}
		{391F9D73-419B-49D1-8C98-10FBBEC59C96} = {391F9D73-419B-49D1-8C98-10FBBEC59C96}
	EndProjectSection
EndProject
Project("{8BC9CEB8-8B4A-11D0-8D11-00A0C91BC942}") = "AppBasicExampleGui", "examples\BasicDemo\AppBasicExampleGui.vcxproj", "{CAC6D52D-AB5E-4F62-8830-E11D2CA641A7}"
	ProjectSection(ProjectDependencies) = postProject
		{97A0719F-3682-4B8D-9104-9EB079D3E6C7} = {97A0719F-3682-4B8D-9104-9EB079D3E6C7}
		{82C7CDDD-42E7-4B2A-8125-39D576368ECC} = {82C7CDDD-42E7-4B2A-8125-39D576368ECC}
		{5982EC21-EB5F-46DB-958D-29C331A85CD5} = {5982EC21-EB5F-46DB-958D-29C331A85CD5}
		{40B1F77A-FF09-482E-9830-7392BE8DD8BB} = {40B1F77A-FF09-482E-9830-7392BE8DD8BB}
		{96FCB6AF-B4F0-43F4-8CC3-E403EC8DA2AB} = {96FCB6AF-B4F0-43F4-8CC3-E403EC8DA2AB}
		{F6719ED5-6E9D-48C0-A433-92960A560E61} = {F6719ED5-6E9D-48C0-A433-92960A560E61}
	EndProjectSection
EndProject
Project("{8BC9CEB8-8B4A-11D0-8D11-00A0C91BC942}") = "App_BasicExample", "examples\BasicDemo\App_BasicExample.vcxproj", "{E3EAC8DE-F470-4B16-91D0-BF84900B2C9D}"
	ProjectSection(ProjectDependencies) = postProject
		{82C7CDDD-42E7-4B2A-8125-39D576368ECC} = {82C7CDDD-42E7-4B2A-8125-39D576368ECC}
		{5982EC21-EB5F-46DB-958D-29C331A85CD5} = {5982EC21-EB5F-46DB-958D-29C331A85CD5}
		{40B1F77A-FF09-482E-9830-7392BE8DD8BB} = {40B1F77A-FF09-482E-9830-7392BE8DD8BB}
		{F6719ED5-6E9D-48C0-A433-92960A560E61} = {F6719ED5-6E9D-48C0-A433-92960A560E61}
	EndProjectSection
EndProject
Project("{8BC9CEB8-8B4A-11D0-8D11-00A0C91BC942}") = "App_ExampleBrowser", "examples\ExampleBrowser\App_ExampleBrowser.vcxproj", "{C03B749B-B9B9-4F1E-B602-4E62FF6D07C3}"
	ProjectSection(ProjectDependencies) = postProject
		{97A0719F-3682-4B8D-9104-9EB079D3E6C7} = {97A0719F-3682-4B8D-9104-9EB079D3E6C7}
		{82C7CDDD-42E7-4B2A-8125-39D576368ECC} = {82C7CDDD-42E7-4B2A-8125-39D576368ECC}
		{5982EC21-EB5F-46DB-958D-29C331A85CD5} = {5982EC21-EB5F-46DB-958D-29C331A85CD5}
		{DE9B3D05-8F15-4868-82F2-65C1B4167CB8} = {DE9B3D05-8F15-4868-82F2-65C1B4167CB8}
		{EAE32B89-F06E-4103-B61C-35CDEC7EF0F6} = {EAE32B89-F06E-4103-B61C-35CDEC7EF0F6}
		{004E059E-E20C-49B0-B2D1-C9A4BC2FE1FB} = {004E059E-E20C-49B0-B2D1-C9A4BC2FE1FB}
		{BDDF16C9-0563-4B6E-BF91-87697F7514CE} = {BDDF16C9-0563-4B6E-BF91-87697F7514CE}
		{502E4793-1B3D-4ACE-861D-2415972CCAFA} = {502E4793-1B3D-4ACE-861D-2415972CCAFA}
		{40B1F77A-FF09-482E-9830-7392BE8DD8BB} = {40B1F77A-FF09-482E-9830-7392BE8DD8BB}
		{96FCB6AF-B4F0-43F4-8CC3-E403EC8DA2AB} = {96FCB6AF-B4F0-43F4-8CC3-E403EC8DA2AB}
		{F6719ED5-6E9D-48C0-A433-92960A560E61} = {F6719ED5-6E9D-48C0-A433-92960A560E61}
		{391F9D73-419B-49D1-8C98-10FBBEC59C96} = {391F9D73-419B-49D1-8C98-10FBBEC59C96}
	EndProjectSection
EndProject
Project("{8BC9CEB8-8B4A-11D0-8D11-00A0C91BC942}") = "App_HelloWorld", "examples\HelloWorld\App_HelloWorld.vcxproj", "{273C8823-BAAD-4C70-B167-5488FDE78D4B}"
	ProjectSection(ProjectDependencies) = postProject
		{82C7CDDD-42E7-4B2A-8125-39D576368ECC} = {82C7CDDD-42E7-4B2A-8125-39D576368ECC}
		{5982EC21-EB5F-46DB-958D-29C331A85CD5} = {5982EC21-EB5F-46DB-958D-29C331A85CD5}
		{40B1F77A-FF09-482E-9830-7392BE8DD8BB} = {40B1F77A-FF09-482E-9830-7392BE8DD8BB}
		{F6719ED5-6E9D-48C0-A433-92960A560E61} = {F6719ED5-6E9D-48C0-A433-92960A560E61}
	EndProjectSection
EndProject
Project("{8BC9CEB8-8B4A-11D0-8D11-00A0C91BC942}") = "App_PhysicsServer_SharedMemory", "examples\SharedMemory\App_PhysicsServer_SharedMemory.vcxproj", "{606C0496-411D-4676-B54C-F1CE6D1AEA94}"
	ProjectSection(ProjectDependencies) = postProject
		{97A0719F-3682-4B8D-9104-9EB079D3E6C7} = {97A0719F-3682-4B8D-9104-9EB079D3E6C7}
		{82C7CDDD-42E7-4B2A-8125-39D576368ECC} = {82C7CDDD-42E7-4B2A-8125-39D576368ECC}
		{5982EC21-EB5F-46DB-958D-29C331A85CD5} = {5982EC21-EB5F-46DB-958D-29C331A85CD5}
		{41F8EE83-AC5E-4DAF-A446-C2019F075D11} = {41F8EE83-AC5E-4DAF-A446-C2019F075D11}
		{EAE32B89-F06E-4103-B61C-35CDEC7EF0F6} = {EAE32B89-F06E-4103-B61C-35CDEC7EF0F6}
		{004E059E-E20C-49B0-B2D1-C9A4BC2FE1FB} = {004E059E-E20C-49B0-B2D1-C9A4BC2FE1FB}
		{6FBF80C9-9575-4E24-B2A7-AE007385C9F8} = {6FBF80C9-9575-4E24-B2A7-AE007385C9F8}
		{502E4793-1B3D-4ACE-861D-2415972CCAFA} = {502E4793-1B3D-4ACE-861D-2415972CCAFA}
		{40B1F77A-FF09-482E-9830-7392BE8DD8BB} = {40B1F77A-FF09-482E-9830-7392BE8DD8BB}
		{F6719ED5-6E9D-48C0-A433-92960A560E61} = {F6719ED5-6E9D-48C0-A433-92960A560E61}
	EndProjectSection
EndProject
Project("{8BC9CEB8-8B4A-11D0-8D11-00A0C91BC942}") = "App_PhysicsServer_SharedMemory_GUI", "examples\SharedMemory\App_PhysicsServer_SharedMemory_GUI.vcxproj", "{DEE6D94E-8595-4598-871B-5BE21595BC87}"
	ProjectSection(ProjectDependencies) = postProject
		{97A0719F-3682-4B8D-9104-9EB079D3E6C7} = {97A0719F-3682-4B8D-9104-9EB079D3E6C7}
		{82C7CDDD-42E7-4B2A-8125-39D576368ECC} = {82C7CDDD-42E7-4B2A-8125-39D576368ECC}
		{5982EC21-EB5F-46DB-958D-29C331A85CD5} = {5982EC21-EB5F-46DB-958D-29C331A85CD5}
		{41F8EE83-AC5E-4DAF-A446-C2019F075D11} = {41F8EE83-AC5E-4DAF-A446-C2019F075D11}
		{EAE32B89-F06E-4103-B61C-35CDEC7EF0F6} = {EAE32B89-F06E-4103-B61C-35CDEC7EF0F6}
		{004E059E-E20C-49B0-B2D1-C9A4BC2FE1FB} = {004E059E-E20C-49B0-B2D1-C9A4BC2FE1FB}
		{6FBF80C9-9575-4E24-B2A7-AE007385C9F8} = {6FBF80C9-9575-4E24-B2A7-AE007385C9F8}
		{502E4793-1B3D-4ACE-861D-2415972CCAFA} = {502E4793-1B3D-4ACE-861D-2415972CCAFA}
		{40B1F77A-FF09-482E-9830-7392BE8DD8BB} = {40B1F77A-FF09-482E-9830-7392BE8DD8BB}
		{96FCB6AF-B4F0-43F4-8CC3-E403EC8DA2AB} = {96FCB6AF-B4F0-43F4-8CC3-E403EC8DA2AB}
		{F6719ED5-6E9D-48C0-A433-92960A560E61} = {F6719ED5-6E9D-48C0-A433-92960A560E61}
	EndProjectSection
EndProject
Project("{8BC9CEB8-8B4A-11D0-8D11-00A0C91BC942}") = "App_PhysicsServer_SharedMemory_VR", "examples\SharedMemory\App_PhysicsServer_SharedMemory_VR.vcxproj", "{2360B2B2-5B10-47CD-9E3B-4564871F810A}"
	ProjectSection(ProjectDependencies) = postProject
		{97A0719F-3682-4B8D-9104-9EB079D3E6C7} = {97A0719F-3682-4B8D-9104-9EB079D3E6C7}
		{82C7CDDD-42E7-4B2A-8125-39D576368ECC} = {82C7CDDD-42E7-4B2A-8125-39D576368ECC}
		{5982EC21-EB5F-46DB-958D-29C331A85CD5} = {5982EC21-EB5F-46DB-958D-29C331A85CD5}
		{41F8EE83-AC5E-4DAF-A446-C2019F075D11} = {41F8EE83-AC5E-4DAF-A446-C2019F075D11}
		{EAE32B89-F06E-4103-B61C-35CDEC7EF0F6} = {EAE32B89-F06E-4103-B61C-35CDEC7EF0F6}
		{004E059E-E20C-49B0-B2D1-C9A4BC2FE1FB} = {004E059E-E20C-49B0-B2D1-C9A4BC2FE1FB}
		{6FBF80C9-9575-4E24-B2A7-AE007385C9F8} = {6FBF80C9-9575-4E24-B2A7-AE007385C9F8}
		{502E4793-1B3D-4ACE-861D-2415972CCAFA} = {502E4793-1B3D-4ACE-861D-2415972CCAFA}
		{40B1F77A-FF09-482E-9830-7392BE8DD8BB} = {40B1F77A-FF09-482E-9830-7392BE8DD8BB}
		{96FCB6AF-B4F0-43F4-8CC3-E403EC8DA2AB} = {96FCB6AF-B4F0-43F4-8CC3-E403EC8DA2AB}
		{F6719ED5-6E9D-48C0-A433-92960A560E61} = {F6719ED5-6E9D-48C0-A433-92960A560E61}
	EndProjectSection
EndProject
Project("{8BC9CEB8-8B4A-11D0-8D11-00A0C91BC942}") = "App_RobotSimulator", "examples\RobotSimulator\App_RobotSimulator.vcxproj", "{2B616E05-CB05-4B21-AD06-8097C79DAAC3}"
	ProjectSection(ProjectDependencies) = postProject
		{97A0719F-3682-4B8D-9104-9EB079D3E6C7} = {97A0719F-3682-4B8D-9104-9EB079D3E6C7}
		{82C7CDDD-42E7-4B2A-8125-39D576368ECC} = {82C7CDDD-42E7-4B2A-8125-39D576368ECC}
		{5982EC21-EB5F-46DB-958D-29C331A85CD5} = {5982EC21-EB5F-46DB-958D-29C331A85CD5}
		{DE9B3D05-8F15-4868-82F2-65C1B4167CB8} = {DE9B3D05-8F15-4868-82F2-65C1B4167CB8}
		{41F8EE83-AC5E-4DAF-A446-C2019F075D11} = {41F8EE83-AC5E-4DAF-A446-C2019F075D11}
		{EAE32B89-F06E-4103-B61C-35CDEC7EF0F6} = {EAE32B89-F06E-4103-B61C-35CDEC7EF0F6}
		{004E059E-E20C-49B0-B2D1-C9A4BC2FE1FB} = {004E059E-E20C-49B0-B2D1-C9A4BC2FE1FB}
		{BDDF16C9-0563-4B6E-BF91-87697F7514CE} = {BDDF16C9-0563-4B6E-BF91-87697F7514CE}
		{6FBF80C9-9575-4E24-B2A7-AE007385C9F8} = {6FBF80C9-9575-4E24-B2A7-AE007385C9F8}
		{502E4793-1B3D-4ACE-861D-2415972CCAFA} = {502E4793-1B3D-4ACE-861D-2415972CCAFA}
		{40B1F77A-FF09-482E-9830-7392BE8DD8BB} = {40B1F77A-FF09-482E-9830-7392BE8DD8BB}
		{96FCB6AF-B4F0-43F4-8CC3-E403EC8DA2AB} = {96FCB6AF-B4F0-43F4-8CC3-E403EC8DA2AB}
		{F6719ED5-6E9D-48C0-A433-92960A560E61} = {F6719ED5-6E9D-48C0-A433-92960A560E61}
		{391F9D73-419B-49D1-8C98-10FBBEC59C96} = {391F9D73-419B-49D1-8C98-10FBBEC59C96}
	EndProjectSection
EndProject
Project("{8BC9CEB8-8B4A-11D0-8D11-00A0C91BC942}") = "App_obj2sdf", "Extras\obj2sdf\App_obj2sdf.vcxproj", "{D433363C-84BC-4C1D-9181-535807FF1181}"
	ProjectSection(ProjectDependencies) = postProject
		{97A0719F-3682-4B8D-9104-9EB079D3E6C7} = {97A0719F-3682-4B8D-9104-9EB079D3E6C7}
		{F6719ED5-6E9D-48C0-A433-92960A560E61} = {F6719ED5-6E9D-48C0-A433-92960A560E61}
	EndProjectSection
EndProject
Project("{8BC9CEB8-8B4A-11D0-8D11-00A0C91BC942}") = "Bullet2FileLoader", "src\Bullet3Serialize\Bullet2FileLoader\Bullet2FileLoader.vcxproj", "{0E42AC13-782A-4E6E-B769-456AD8E86733}"
	ProjectSection(ProjectDependencies) = postProject
		{F6719ED5-6E9D-48C0-A433-92960A560E61} = {F6719ED5-6E9D-48C0-A433-92960A560E61}
	EndProjectSection
EndProject
Project("{8BC9CEB8-8B4A-11D0-8D11-00A0C91BC942}") = "Bullet3Collision", "src\Bullet3Collision\Bullet3Collision.vcxproj", "{FA8F4B00-E304-4947-96C8-D505D8E07692}"
	ProjectSection(ProjectDependencies) = postProject
		{F6719ED5-6E9D-48C0-A433-92960A560E61} = {F6719ED5-6E9D-48C0-A433-92960A560E61}
	EndProjectSection
EndProject
Project("{8BC9CEB8-8B4A-11D0-8D11-00A0C91BC942}") = "Bullet3Common", "src\Bullet3Common\Bullet3Common.vcxproj", "{97A0719F-3682-4B8D-9104-9EB079D3E6C7}"
	ProjectSection(ProjectDependencies) = postProject
		{F6719ED5-6E9D-48C0-A433-92960A560E61} = {F6719ED5-6E9D-48C0-A433-92960A560E61}
	EndProjectSection
EndProject
Project("{8BC9CEB8-8B4A-11D0-8D11-00A0C91BC942}") = "Bullet3Dynamics", "src\Bullet3Dynamics\Bullet3Dynamics.vcxproj", "{C5342CF5-B9FC-4EFC-8D49-AAF963E8D55A}"
	ProjectSection(ProjectDependencies) = postProject
		{F6719ED5-6E9D-48C0-A433-92960A560E61} = {F6719ED5-6E9D-48C0-A433-92960A560E61}
	EndProjectSection
EndProject
Project("{8BC9CEB8-8B4A-11D0-8D11-00A0C91BC942}") = "Bullet3Geometry", "src\Bullet3Geometry\Bullet3Geometry.vcxproj", "{FCB09172-64FE-4BE5-8A99-39882B17787F}"
	ProjectSection(ProjectDependencies) = postProject
		{F6719ED5-6E9D-48C0-A433-92960A560E61} = {F6719ED5-6E9D-48C0-A433-92960A560E61}
	EndProjectSection
EndProject
Project("{8BC9CEB8-8B4A-11D0-8D11-00A0C91BC942}") = "Bullet3OpenCL_clew", "src\Bullet3OpenCL\Bullet3OpenCL_clew.vcxproj", "{436B29BB-C750-4FC3-A863-1C5BF2B3264C}"
	ProjectSection(ProjectDependencies) = postProject
		{F6719ED5-6E9D-48C0-A433-92960A560E61} = {F6719ED5-6E9D-48C0-A433-92960A560E61}
	EndProjectSection
EndProject
Project("{8BC9CEB8-8B4A-11D0-8D11-00A0C91BC942}") = "BulletCollision", "src\BulletCollision\BulletCollision.vcxproj", "{82C7CDDD-42E7-4B2A-8125-39D576368ECC}"
	ProjectSection(ProjectDependencies) = postProject
		{F6719ED5-6E9D-48C0-A433-92960A560E61} = {F6719ED5-6E9D-48C0-A433-92960A560E61}
	EndProjectSection
EndProject
Project("{8BC9CEB8-8B4A-11D0-8D11-00A0C91BC942}") = "BulletDynamics", "src\BulletDynamics\BulletDynamics.vcxproj", "{5982EC21-EB5F-46DB-958D-29C331A85CD5}"
	ProjectSection(ProjectDependencies) = postProject
		{F6719ED5-6E9D-48C0-A433-92960A560E61} = {F6719ED5-6E9D-48C0-A433-92960A560E61}
	EndProjectSection
EndProject
Project("{8BC9CEB8-8B4A-11D0-8D11-00A0C91BC942}") = "BulletExampleBrowserLib", "examples\ExampleBrowser\BulletExampleBrowserLib.vcxproj", "{DE9B3D05-8F15-4868-82F2-65C1B4167CB8}"
	ProjectSection(ProjectDependencies) = postProject
		{F6719ED5-6E9D-48C0-A433-92960A560E61} = {F6719ED5-6E9D-48C0-A433-92960A560E61}
	EndProjectSection
EndProject
Project("{8BC9CEB8-8B4A-11D0-8D11-00A0C91BC942}") = "BulletFileLoader", "Extras\Serialize\BulletFileLoader\BulletFileLoader.vcxproj", "{41F8EE83-AC5E-4DAF-A446-C2019F075D11}"
	ProjectSection(ProjectDependencies) = postProject
		{F6719ED5-6E9D-48C0-A433-92960A560E61} = {F6719ED5-6E9D-48C0-A433-92960A560E61}
	EndProjectSection
EndProject
Project("{8BC9CEB8-8B4A-11D0-8D11-00A0C91BC942}") = "BulletInverseDynamics", "src\BulletInverseDynamics\BulletInverseDynamics.vcxproj", "{EAE32B89-F06E-4103-B61C-35CDEC7EF0F6}"
	ProjectSection(ProjectDependencies) = postProject
		{F6719ED5-6E9D-48C0-A433-92960A560E61} = {F6719ED5-6E9D-48C0-A433-92960A560E61}
	EndProjectSection
EndProject
Project("{8BC9CEB8-8B4A-11D0-8D11-00A0C91BC942}") = "BulletInverseDynamicsUtils", "Extras\InverseDynamics\BulletInverseDynamicsUtils.vcxproj", "{004E059E-E20C-49B0-B2D1-C9A4BC2FE1FB}"
	ProjectSection(ProjectDependencies) = postProject
		{F6719ED5-6E9D-48C0-A433-92960A560E61} = {F6719ED5-6E9D-48C0-A433-92960A560E61}
	EndProjectSection
EndProject
Project("{8BC9CEB8-8B4A-11D0-8D11-00A0C91BC942}") = "BulletSoftBody", "src\BulletSoftBody\BulletSoftBody.vcxproj", "{BDDF16C9-0563-4B6E-BF91-87697F7514CE}"
	ProjectSection(ProjectDependencies) = postProject
		{F6719ED5-6E9D-48C0-A433-92960A560E61} = {F6719ED5-6E9D-48C0-A433-92960A560E61}
	EndProjectSection
EndProject
Project("{8BC9CEB8-8B4A-11D0-8D11-00A0C91BC942}") = "BulletWorldImporter", "Extras\Serialize\BulletWorldImporter\BulletWorldImporter.vcxproj", "{6FBF80C9-9575-4E24-B2A7-AE007385C9F8}"
	ProjectSection(ProjectDependencies) = postProject
		{F6719ED5-6E9D-48C0-A433-92960A560E61} = {F6719ED5-6E9D-48C0-A433-92960A560E61}
	EndProjectSection
EndProject
Project("{8BC9CEB8-8B4A-11D0-8D11-00A0C91BC942}") = "BulletXmlWorldImporter", "Extras\Serialize\BulletXmlWorldImporter\BulletXmlWorldImporter.vcxproj", "{46244277-855A-41D5-8C10-707D74DF4C2C}"
	ProjectSection(ProjectDependencies) = postProject
		{F6719ED5-6E9D-48C0-A433-92960A560E61} = {F6719ED5-6E9D-48C0-A433-92960A560E61}
	EndProjectSection
EndProject
Project("{8BC9CEB8-8B4A-11D0-8D11-00A0C91BC942}") = "BussIK", "examples\ThirdPartyLibs\BussIK\BussIK.vcxproj", "{502E4793-1B3D-4ACE-861D-2415972CCAFA}"
	ProjectSection(ProjectDependencies) = postProject
		{F6719ED5-6E9D-48C0-A433-92960A560E61} = {F6719ED5-6E9D-48C0-A433-92960A560E61}
	EndProjectSection
EndProject
Project("{8BC9CEB8-8B4A-11D0-8D11-00A0C91BC942}") = "ConvexDecomposition", "Extras\ConvexDecomposition\ConvexDecomposition.vcxproj", "{6F113BD6-3567-43AA-A779-B9E2DE96209E}"
	ProjectSection(ProjectDependencies) = postProject
		{F6719ED5-6E9D-48C0-A433-92960A560E61} = {F6719ED5-6E9D-48C0-A433-92960A560E61}
	EndProjectSection
EndProject
Project("{8BC9CEB8-8B4A-11D0-8D11-00A0C91BC942}") = "GIMPACTUtils", "Extras\GIMPACTUtils\GIMPACTUtils.vcxproj", "{8D3207C5-2BB4-44E4-9E0B-0C86506A8D7E}"
	ProjectSection(ProjectDependencies) = postProject
		{F6719ED5-6E9D-48C0-A433-92960A560E61} = {F6719ED5-6E9D-48C0-A433-92960A560E61}
	EndProjectSection
EndProject
Project("{8BC9CEB8-8B4A-11D0-8D11-00A0C91BC942}") = "HACD", "Extras\HACD\HACD.vcxproj", "{FF91B6DE-6998-47F6-86A6-E2BA7B9423EC}"
	ProjectSection(ProjectDependencies) = postProject
		{F6719ED5-6E9D-48C0-A433-92960A560E61} = {F6719ED5-6E9D-48C0-A433-92960A560E61}
	EndProjectSection
EndProject
Project("{8BC9CEB8-8B4A-11D0-8D11-00A0C91BC942}") = "INSTALL", "INSTALL.vcxproj", "{5540A828-B8AE-4412-BEBC-2E5146939D66}"
	ProjectSection(ProjectDependencies) = postProject
		{BC2FFE6E-E545-4728-87FC-B1F4DAEA6D1E} = {BC2FFE6E-E545-4728-87FC-B1F4DAEA6D1E}
	EndProjectSection
EndProject
Project("{8BC9CEB8-8B4A-11D0-8D11-00A0C91BC942}") = "LinearMath", "src\LinearMath\LinearMath.vcxproj", "{40B1F77A-FF09-482E-9830-7392BE8DD8BB}"
	ProjectSection(ProjectDependencies) = postProject
		{F6719ED5-6E9D-48C0-A433-92960A560E61} = {F6719ED5-6E9D-48C0-A433-92960A560E61}
	EndProjectSection
EndProject
Project("{8BC9CEB8-8B4A-11D0-8D11-00A0C91BC942}") = "OpenGLWindow", "examples\OpenGLWindow\OpenGLWindow.vcxproj", "{96FCB6AF-B4F0-43F4-8CC3-E403EC8DA2AB}"
	ProjectSection(ProjectDependencies) = postProject
		{F6719ED5-6E9D-48C0-A433-92960A560E61} = {F6719ED5-6E9D-48C0-A433-92960A560E61}
	EndProjectSection
EndProject
Project("{8BC9CEB8-8B4A-11D0-8D11-00A0C91BC942}") = "RUN_TESTS", "RUN_TESTS.vcxproj", "{B1EB8688-CF32-49DA-9D0F-00F793CDDD95}"
	ProjectSection(ProjectDependencies) = postProject
	EndProjectSection
EndProject
Project("{8BC9CEB8-8B4A-11D0-8D11-00A0C91BC942}") = "Test_BulletDynamics", "test\BulletDynamics\pendulum\Test_BulletDynamics.vcxproj", "{66162A73-2127-456A-B89A-FC2782F16FCE}"
	ProjectSection(ProjectDependencies) = postProject
		{82C7CDDD-42E7-4B2A-8125-39D576368ECC} = {82C7CDDD-42E7-4B2A-8125-39D576368ECC}
		{5982EC21-EB5F-46DB-958D-29C331A85CD5} = {5982EC21-EB5F-46DB-958D-29C331A85CD5}
		{40B1F77A-FF09-482E-9830-7392BE8DD8BB} = {40B1F77A-FF09-482E-9830-7392BE8DD8BB}
		{F6719ED5-6E9D-48C0-A433-92960A560E61} = {F6719ED5-6E9D-48C0-A433-92960A560E61}
		{3215F753-1E91-4F5F-894C-CF5A6B078E1A} = {3215F753-1E91-4F5F-894C-CF5A6B078E1A}
	EndProjectSection
EndProject
Project("{8BC9CEB8-8B4A-11D0-8D11-00A0C91BC942}") = "Test_BulletInverseDynamics", "test\InverseDynamics\Test_BulletInverseDynamics.vcxproj", "{AD88064D-3B22-4148-96BF-A845D7295FB7}"
	ProjectSection(ProjectDependencies) = postProject
		{97A0719F-3682-4B8D-9104-9EB079D3E6C7} = {97A0719F-3682-4B8D-9104-9EB079D3E6C7}
		{82C7CDDD-42E7-4B2A-8125-39D576368ECC} = {82C7CDDD-42E7-4B2A-8125-39D576368ECC}
		{5982EC21-EB5F-46DB-958D-29C331A85CD5} = {5982EC21-EB5F-46DB-958D-29C331A85CD5}
		{EAE32B89-F06E-4103-B61C-35CDEC7EF0F6} = {EAE32B89-F06E-4103-B61C-35CDEC7EF0F6}
		{004E059E-E20C-49B0-B2D1-C9A4BC2FE1FB} = {004E059E-E20C-49B0-B2D1-C9A4BC2FE1FB}
		{40B1F77A-FF09-482E-9830-7392BE8DD8BB} = {40B1F77A-FF09-482E-9830-7392BE8DD8BB}
		{F6719ED5-6E9D-48C0-A433-92960A560E61} = {F6719ED5-6E9D-48C0-A433-92960A560E61}
		{3215F753-1E91-4F5F-894C-CF5A6B078E1A} = {3215F753-1E91-4F5F-894C-CF5A6B078E1A}
	EndProjectSection
EndProject
Project("{8BC9CEB8-8B4A-11D0-8D11-00A0C91BC942}") = "Test_BulletInverseDynamicsJacobian", "test\InverseDynamics\Test_BulletInverseDynamicsJacobian.vcxproj", "{444B53E0-22E2-4294-A430-37DA2223B0B4}"
	ProjectSection(ProjectDependencies) = postProject
		{97A0719F-3682-4B8D-9104-9EB079D3E6C7} = {97A0719F-3682-4B8D-9104-9EB079D3E6C7}
		{EAE32B89-F06E-4103-B61C-35CDEC7EF0F6} = {EAE32B89-F06E-4103-B61C-35CDEC7EF0F6}
		{004E059E-E20C-49B0-B2D1-C9A4BC2FE1FB} = {004E059E-E20C-49B0-B2D1-C9A4BC2FE1FB}
		{40B1F77A-FF09-482E-9830-7392BE8DD8BB} = {40B1F77A-FF09-482E-9830-7392BE8DD8BB}
		{F6719ED5-6E9D-48C0-A433-92960A560E61} = {F6719ED5-6E9D-48C0-A433-92960A560E61}
		{3215F753-1E91-4F5F-894C-CF5A6B078E1A} = {3215F753-1E91-4F5F-894C-CF5A6B078E1A}
	EndProjectSection
EndProject
Project("{8BC9CEB8-8B4A-11D0-8D11-00A0C91BC942}") = "Test_BulletInverseForwardDynamics", "test\InverseDynamics\Test_BulletInverseForwardDynamics.vcxproj", "{B2A71ED6-4420-49A9-AB86-06747B0AE010}"
	ProjectSection(ProjectDependencies) = postProject
		{97A0719F-3682-4B8D-9104-9EB079D3E6C7} = {97A0719F-3682-4B8D-9104-9EB079D3E6C7}
		{82C7CDDD-42E7-4B2A-8125-39D576368ECC} = {82C7CDDD-42E7-4B2A-8125-39D576368ECC}
		{5982EC21-EB5F-46DB-958D-29C331A85CD5} = {5982EC21-EB5F-46DB-958D-29C331A85CD5}
		{EAE32B89-F06E-4103-B61C-35CDEC7EF0F6} = {EAE32B89-F06E-4103-B61C-35CDEC7EF0F6}
		{004E059E-E20C-49B0-B2D1-C9A4BC2FE1FB} = {004E059E-E20C-49B0-B2D1-C9A4BC2FE1FB}
		{40B1F77A-FF09-482E-9830-7392BE8DD8BB} = {40B1F77A-FF09-482E-9830-7392BE8DD8BB}
		{F6719ED5-6E9D-48C0-A433-92960A560E61} = {F6719ED5-6E9D-48C0-A433-92960A560E61}
		{3215F753-1E91-4F5F-894C-CF5A6B078E1A} = {3215F753-1E91-4F5F-894C-CF5A6B078E1A}
	EndProjectSection
EndProject
Project("{8BC9CEB8-8B4A-11D0-8D11-00A0C91BC942}") = "Test_Collision", "test\collision\Test_Collision.vcxproj", "{DC07AE30-36E0-4F64-8A68-9C08EE9B2C44}"
	ProjectSection(ProjectDependencies) = postProject
		{40B1F77A-FF09-482E-9830-7392BE8DD8BB} = {40B1F77A-FF09-482E-9830-7392BE8DD8BB}
		{F6719ED5-6E9D-48C0-A433-92960A560E61} = {F6719ED5-6E9D-48C0-A433-92960A560E61}
		{3215F753-1E91-4F5F-894C-CF5A6B078E1A} = {3215F753-1E91-4F5F-894C-CF5A6B078E1A}
	EndProjectSection
EndProject
Project("{8BC9CEB8-8B4A-11D0-8D11-00A0C91BC942}") = "Test_PhysicsClientServer", "test\SharedMemory\Test_PhysicsClientServer.vcxproj", "{59BA794E-92A4-4226-80FA-4F3A45F05C23}"
	ProjectSection(ProjectDependencies) = postProject
		{97A0719F-3682-4B8D-9104-9EB079D3E6C7} = {97A0719F-3682-4B8D-9104-9EB079D3E6C7}
		{82C7CDDD-42E7-4B2A-8125-39D576368ECC} = {82C7CDDD-42E7-4B2A-8125-39D576368ECC}
		{5982EC21-EB5F-46DB-958D-29C331A85CD5} = {5982EC21-EB5F-46DB-958D-29C331A85CD5}
		{41F8EE83-AC5E-4DAF-A446-C2019F075D11} = {41F8EE83-AC5E-4DAF-A446-C2019F075D11}
		{EAE32B89-F06E-4103-B61C-35CDEC7EF0F6} = {EAE32B89-F06E-4103-B61C-35CDEC7EF0F6}
		{004E059E-E20C-49B0-B2D1-C9A4BC2FE1FB} = {004E059E-E20C-49B0-B2D1-C9A4BC2FE1FB}
		{6FBF80C9-9575-4E24-B2A7-AE007385C9F8} = {6FBF80C9-9575-4E24-B2A7-AE007385C9F8}
		{502E4793-1B3D-4ACE-861D-2415972CCAFA} = {502E4793-1B3D-4ACE-861D-2415972CCAFA}
		{40B1F77A-FF09-482E-9830-7392BE8DD8BB} = {40B1F77A-FF09-482E-9830-7392BE8DD8BB}
		{F6719ED5-6E9D-48C0-A433-92960A560E61} = {F6719ED5-6E9D-48C0-A433-92960A560E61}
		{3215F753-1E91-4F5F-894C-CF5A6B078E1A} = {3215F753-1E91-4F5F-894C-CF5A6B078E1A}
	EndProjectSection
EndProject
Project("{8BC9CEB8-8B4A-11D0-8D11-00A0C91BC942}") = "Test_btKinematicCharacterController", "test\BulletDynamics\Test_btKinematicCharacterController.vcxproj", "{752F08A7-99FA-4577-A613-92FDA7BC3B40}"
	ProjectSection(ProjectDependencies) = postProject
		{82C7CDDD-42E7-4B2A-8125-39D576368ECC} = {82C7CDDD-42E7-4B2A-8125-39D576368ECC}
		{5982EC21-EB5F-46DB-958D-29C331A85CD5} = {5982EC21-EB5F-46DB-958D-29C331A85CD5}
		{40B1F77A-FF09-482E-9830-7392BE8DD8BB} = {40B1F77A-FF09-482E-9830-7392BE8DD8BB}
		{F6719ED5-6E9D-48C0-A433-92960A560E61} = {F6719ED5-6E9D-48C0-A433-92960A560E61}
		{3215F753-1E91-4F5F-894C-CF5A6B078E1A} = {3215F753-1E91-4F5F-894C-CF5A6B078E1A}
	EndProjectSection
EndProject
Project("{8BC9CEB8-8B4A-11D0-8D11-00A0C91BC942}") = "ZERO_CHECK", "ZERO_CHECK.vcxproj", "{F6719ED5-6E9D-48C0-A433-92960A560E61}"
	ProjectSection(ProjectDependencies) = postProject
	EndProjectSection
EndProject
Project("{8BC9CEB8-8B4A-11D0-8D11-00A0C91BC942}") = "clsocket", "examples\ThirdPartyLibs\clsocket\clsocket.vcxproj", "{E5372154-B016-40C9-9131-59893B786730}"
	ProjectSection(ProjectDependencies) = postProject
		{F6719ED5-6E9D-48C0-A433-92960A560E61} = {F6719ED5-6E9D-48C0-A433-92960A560E61}
	EndProjectSection
EndProject
Project("{8BC9CEB8-8B4A-11D0-8D11-00A0C91BC942}") = "gtest", "test\gtest-1.7.0\gtest.vcxproj", "{3215F753-1E91-4F5F-894C-CF5A6B078E1A}"
	ProjectSection(ProjectDependencies) = postProject
		{F6719ED5-6E9D-48C0-A433-92960A560E61} = {F6719ED5-6E9D-48C0-A433-92960A560E61}
	EndProjectSection
EndProject
Project("{8BC9CEB8-8B4A-11D0-8D11-00A0C91BC942}") = "gwen", "examples\ThirdPartyLibs\Gwen\gwen.vcxproj", "{391F9D73-419B-49D1-8C98-10FBBEC59C96}"
	ProjectSection(ProjectDependencies) = postProject
		{F6719ED5-6E9D-48C0-A433-92960A560E61} = {F6719ED5-6E9D-48C0-A433-92960A560E61}
	EndProjectSection
EndProject
Global
	GlobalSection(SolutionConfigurationPlatforms) = preSolution
		Debug|x64 = Debug|x64
		Release|x64 = Release|x64
		MinSizeRel|x64 = MinSizeRel|x64
		RelWithDebInfo|x64 = RelWithDebInfo|x64
	EndGlobalSection
	GlobalSection(ProjectConfigurationPlatforms) = postSolution
		{BC2FFE6E-E545-4728-87FC-B1F4DAEA6D1E}.Debug|x64.ActiveCfg = Debug|x64
		{BC2FFE6E-E545-4728-87FC-B1F4DAEA6D1E}.Debug|x64.Build.0 = Debug|x64
		{BC2FFE6E-E545-4728-87FC-B1F4DAEA6D1E}.Release|x64.ActiveCfg = Release|x64
		{BC2FFE6E-E545-4728-87FC-B1F4DAEA6D1E}.Release|x64.Build.0 = Release|x64
		{BC2FFE6E-E545-4728-87FC-B1F4DAEA6D1E}.MinSizeRel|x64.ActiveCfg = MinSizeRel|x64
		{BC2FFE6E-E545-4728-87FC-B1F4DAEA6D1E}.MinSizeRel|x64.Build.0 = MinSizeRel|x64
		{BC2FFE6E-E545-4728-87FC-B1F4DAEA6D1E}.RelWithDebInfo|x64.ActiveCfg = RelWithDebInfo|x64
		{BC2FFE6E-E545-4728-87FC-B1F4DAEA6D1E}.RelWithDebInfo|x64.Build.0 = RelWithDebInfo|x64
		{CAC6D52D-AB5E-4F62-8830-E11D2CA641A7}.Debug|x64.ActiveCfg = Debug|x64
		{CAC6D52D-AB5E-4F62-8830-E11D2CA641A7}.Debug|x64.Build.0 = Debug|x64
		{CAC6D52D-AB5E-4F62-8830-E11D2CA641A7}.Release|x64.ActiveCfg = Release|x64
		{CAC6D52D-AB5E-4F62-8830-E11D2CA641A7}.Release|x64.Build.0 = Release|x64
		{CAC6D52D-AB5E-4F62-8830-E11D2CA641A7}.MinSizeRel|x64.ActiveCfg = MinSizeRel|x64
		{CAC6D52D-AB5E-4F62-8830-E11D2CA641A7}.MinSizeRel|x64.Build.0 = MinSizeRel|x64
		{CAC6D52D-AB5E-4F62-8830-E11D2CA641A7}.RelWithDebInfo|x64.ActiveCfg = RelWithDebInfo|x64
		{CAC6D52D-AB5E-4F62-8830-E11D2CA641A7}.RelWithDebInfo|x64.Build.0 = RelWithDebInfo|x64
		{E3EAC8DE-F470-4B16-91D0-BF84900B2C9D}.Debug|x64.ActiveCfg = Debug|x64
		{E3EAC8DE-F470-4B16-91D0-BF84900B2C9D}.Debug|x64.Build.0 = Debug|x64
		{E3EAC8DE-F470-4B16-91D0-BF84900B2C9D}.Release|x64.ActiveCfg = Release|x64
		{E3EAC8DE-F470-4B16-91D0-BF84900B2C9D}.Release|x64.Build.0 = Release|x64
		{E3EAC8DE-F470-4B16-91D0-BF84900B2C9D}.MinSizeRel|x64.ActiveCfg = MinSizeRel|x64
		{E3EAC8DE-F470-4B16-91D0-BF84900B2C9D}.MinSizeRel|x64.Build.0 = MinSizeRel|x64
		{E3EAC8DE-F470-4B16-91D0-BF84900B2C9D}.RelWithDebInfo|x64.ActiveCfg = RelWithDebInfo|x64
		{E3EAC8DE-F470-4B16-91D0-BF84900B2C9D}.RelWithDebInfo|x64.Build.0 = RelWithDebInfo|x64
		{C03B749B-B9B9-4F1E-B602-4E62FF6D07C3}.Debug|x64.ActiveCfg = Debug|x64
		{C03B749B-B9B9-4F1E-B602-4E62FF6D07C3}.Debug|x64.Build.0 = Debug|x64
		{C03B749B-B9B9-4F1E-B602-4E62FF6D07C3}.Release|x64.ActiveCfg = Release|x64
		{C03B749B-B9B9-4F1E-B602-4E62FF6D07C3}.Release|x64.Build.0 = Release|x64
		{C03B749B-B9B9-4F1E-B602-4E62FF6D07C3}.MinSizeRel|x64.ActiveCfg = MinSizeRel|x64
		{C03B749B-B9B9-4F1E-B602-4E62FF6D07C3}.MinSizeRel|x64.Build.0 = MinSizeRel|x64
		{C03B749B-B9B9-4F1E-B602-4E62FF6D07C3}.RelWithDebInfo|x64.ActiveCfg = RelWithDebInfo|x64
		{C03B749B-B9B9-4F1E-B602-4E62FF6D07C3}.RelWithDebInfo|x64.Build.0 = RelWithDebInfo|x64
		{273C8823-BAAD-4C70-B167-5488FDE78D4B}.Debug|x64.ActiveCfg = Debug|x64
		{273C8823-BAAD-4C70-B167-5488FDE78D4B}.Debug|x64.Build.0 = Debug|x64
		{273C8823-BAAD-4C70-B167-5488FDE78D4B}.Release|x64.ActiveCfg = Release|x64
		{273C8823-BAAD-4C70-B167-5488FDE78D4B}.Release|x64.Build.0 = Release|x64
		{273C8823-BAAD-4C70-B167-5488FDE78D4B}.MinSizeRel|x64.ActiveCfg = MinSizeRel|x64
		{273C8823-BAAD-4C70-B167-5488FDE78D4B}.MinSizeRel|x64.Build.0 = MinSizeRel|x64
		{273C8823-BAAD-4C70-B167-5488FDE78D4B}.RelWithDebInfo|x64.ActiveCfg = RelWithDebInfo|x64
		{273C8823-BAAD-4C70-B167-5488FDE78D4B}.RelWithDebInfo|x64.Build.0 = RelWithDebInfo|x64
		{606C0496-411D-4676-B54C-F1CE6D1AEA94}.Debug|x64.ActiveCfg = Debug|x64
		{606C0496-411D-4676-B54C-F1CE6D1AEA94}.Debug|x64.Build.0 = Debug|x64
		{606C0496-411D-4676-B54C-F1CE6D1AEA94}.Release|x64.ActiveCfg = Release|x64
		{606C0496-411D-4676-B54C-F1CE6D1AEA94}.Release|x64.Build.0 = Release|x64
		{606C0496-411D-4676-B54C-F1CE6D1AEA94}.MinSizeRel|x64.ActiveCfg = MinSizeRel|x64
		{606C0496-411D-4676-B54C-F1CE6D1AEA94}.MinSizeRel|x64.Build.0 = MinSizeRel|x64
		{606C0496-411D-4676-B54C-F1CE6D1AEA94}.RelWithDebInfo|x64.ActiveCfg = RelWithDebInfo|x64
		{606C0496-411D-4676-B54C-F1CE6D1AEA94}.RelWithDebInfo|x64.Build.0 = RelWithDebInfo|x64
		{DEE6D94E-8595-4598-871B-5BE21595BC87}.Debug|x64.ActiveCfg = Debug|x64
		{DEE6D94E-8595-4598-871B-5BE21595BC87}.Debug|x64.Build.0 = Debug|x64
		{DEE6D94E-8595-4598-871B-5BE21595BC87}.Release|x64.ActiveCfg = Release|x64
		{DEE6D94E-8595-4598-871B-5BE21595BC87}.Release|x64.Build.0 = Release|x64
		{DEE6D94E-8595-4598-871B-5BE21595BC87}.MinSizeRel|x64.ActiveCfg = MinSizeRel|x64
		{DEE6D94E-8595-4598-871B-5BE21595BC87}.MinSizeRel|x64.Build.0 = MinSizeRel|x64
		{DEE6D94E-8595-4598-871B-5BE21595BC87}.RelWithDebInfo|x64.ActiveCfg = RelWithDebInfo|x64
		{DEE6D94E-8595-4598-871B-5BE21595BC87}.RelWithDebInfo|x64.Build.0 = RelWithDebInfo|x64
		{2360B2B2-5B10-47CD-9E3B-4564871F810A}.Debug|x64.ActiveCfg = Debug|x64
		{2360B2B2-5B10-47CD-9E3B-4564871F810A}.Debug|x64.Build.0 = Debug|x64
		{2360B2B2-5B10-47CD-9E3B-4564871F810A}.Release|x64.ActiveCfg = Release|x64
		{2360B2B2-5B10-47CD-9E3B-4564871F810A}.Release|x64.Build.0 = Release|x64
		{2360B2B2-5B10-47CD-9E3B-4564871F810A}.MinSizeRel|x64.ActiveCfg = MinSizeRel|x64
		{2360B2B2-5B10-47CD-9E3B-4564871F810A}.MinSizeRel|x64.Build.0 = MinSizeRel|x64
		{2360B2B2-5B10-47CD-9E3B-4564871F810A}.RelWithDebInfo|x64.ActiveCfg = RelWithDebInfo|x64
		{2360B2B2-5B10-47CD-9E3B-4564871F810A}.RelWithDebInfo|x64.Build.0 = RelWithDebInfo|x64
		{2B616E05-CB05-4B21-AD06-8097C79DAAC3}.Debug|x64.ActiveCfg = Debug|x64
		{2B616E05-CB05-4B21-AD06-8097C79DAAC3}.Debug|x64.Build.0 = Debug|x64
		{2B616E05-CB05-4B21-AD06-8097C79DAAC3}.Release|x64.ActiveCfg = Release|x64
		{2B616E05-CB05-4B21-AD06-8097C79DAAC3}.Release|x64.Build.0 = Release|x64
		{2B616E05-CB05-4B21-AD06-8097C79DAAC3}.MinSizeRel|x64.ActiveCfg = MinSizeRel|x64
		{2B616E05-CB05-4B21-AD06-8097C79DAAC3}.MinSizeRel|x64.Build.0 = MinSizeRel|x64
		{2B616E05-CB05-4B21-AD06-8097C79DAAC3}.RelWithDebInfo|x64.ActiveCfg = RelWithDebInfo|x64
		{2B616E05-CB05-4B21-AD06-8097C79DAAC3}.RelWithDebInfo|x64.Build.0 = RelWithDebInfo|x64
		{D433363C-84BC-4C1D-9181-535807FF1181}.Debug|x64.ActiveCfg = Debug|x64
		{D433363C-84BC-4C1D-9181-535807FF1181}.Debug|x64.Build.0 = Debug|x64
		{D433363C-84BC-4C1D-9181-535807FF1181}.Release|x64.ActiveCfg = Release|x64
		{D433363C-84BC-4C1D-9181-535807FF1181}.Release|x64.Build.0 = Release|x64
		{D433363C-84BC-4C1D-9181-535807FF1181}.MinSizeRel|x64.ActiveCfg = MinSizeRel|x64
		{D433363C-84BC-4C1D-9181-535807FF1181}.MinSizeRel|x64.Build.0 = MinSizeRel|x64
		{D433363C-84BC-4C1D-9181-535807FF1181}.RelWithDebInfo|x64.ActiveCfg = RelWithDebInfo|x64
		{D433363C-84BC-4C1D-9181-535807FF1181}.RelWithDebInfo|x64.Build.0 = RelWithDebInfo|x64
		{0E42AC13-782A-4E6E-B769-456AD8E86733}.Debug|x64.ActiveCfg = Debug|x64
		{0E42AC13-782A-4E6E-B769-456AD8E86733}.Debug|x64.Build.0 = Debug|x64
		{0E42AC13-782A-4E6E-B769-456AD8E86733}.Release|x64.ActiveCfg = Release|x64
		{0E42AC13-782A-4E6E-B769-456AD8E86733}.Release|x64.Build.0 = Release|x64
		{0E42AC13-782A-4E6E-B769-456AD8E86733}.MinSizeRel|x64.ActiveCfg = MinSizeRel|x64
		{0E42AC13-782A-4E6E-B769-456AD8E86733}.MinSizeRel|x64.Build.0 = MinSizeRel|x64
		{0E42AC13-782A-4E6E-B769-456AD8E86733}.RelWithDebInfo|x64.ActiveCfg = RelWithDebInfo|x64
		{0E42AC13-782A-4E6E-B769-456AD8E86733}.RelWithDebInfo|x64.Build.0 = RelWithDebInfo|x64
		{FA8F4B00-E304-4947-96C8-D505D8E07692}.Debug|x64.ActiveCfg = Debug|x64
		{FA8F4B00-E304-4947-96C8-D505D8E07692}.Debug|x64.Build.0 = Debug|x64
		{FA8F4B00-E304-4947-96C8-D505D8E07692}.Release|x64.ActiveCfg = Release|x64
		{FA8F4B00-E304-4947-96C8-D505D8E07692}.Release|x64.Build.0 = Release|x64
		{FA8F4B00-E304-4947-96C8-D505D8E07692}.MinSizeRel|x64.ActiveCfg = MinSizeRel|x64
		{FA8F4B00-E304-4947-96C8-D505D8E07692}.MinSizeRel|x64.Build.0 = MinSizeRel|x64
		{FA8F4B00-E304-4947-96C8-D505D8E07692}.RelWithDebInfo|x64.ActiveCfg = RelWithDebInfo|x64
		{FA8F4B00-E304-4947-96C8-D505D8E07692}.RelWithDebInfo|x64.Build.0 = RelWithDebInfo|x64
		{97A0719F-3682-4B8D-9104-9EB079D3E6C7}.Debug|x64.ActiveCfg = Debug|x64
		{97A0719F-3682-4B8D-9104-9EB079D3E6C7}.Debug|x64.Build.0 = Debug|x64
		{97A0719F-3682-4B8D-9104-9EB079D3E6C7}.Release|x64.ActiveCfg = Release|x64
		{97A0719F-3682-4B8D-9104-9EB079D3E6C7}.Release|x64.Build.0 = Release|x64
		{97A0719F-3682-4B8D-9104-9EB079D3E6C7}.MinSizeRel|x64.ActiveCfg = MinSizeRel|x64
		{97A0719F-3682-4B8D-9104-9EB079D3E6C7}.MinSizeRel|x64.Build.0 = MinSizeRel|x64
		{97A0719F-3682-4B8D-9104-9EB079D3E6C7}.RelWithDebInfo|x64.ActiveCfg = RelWithDebInfo|x64
		{97A0719F-3682-4B8D-9104-9EB079D3E6C7}.RelWithDebInfo|x64.Build.0 = RelWithDebInfo|x64
		{C5342CF5-B9FC-4EFC-8D49-AAF963E8D55A}.Debug|x64.ActiveCfg = Debug|x64
		{C5342CF5-B9FC-4EFC-8D49-AAF963E8D55A}.Debug|x64.Build.0 = Debug|x64
		{C5342CF5-B9FC-4EFC-8D49-AAF963E8D55A}.Release|x64.ActiveCfg = Release|x64
		{C5342CF5-B9FC-4EFC-8D49-AAF963E8D55A}.Release|x64.Build.0 = Release|x64
		{C5342CF5-B9FC-4EFC-8D49-AAF963E8D55A}.MinSizeRel|x64.ActiveCfg = MinSizeRel|x64
		{C5342CF5-B9FC-4EFC-8D49-AAF963E8D55A}.MinSizeRel|x64.Build.0 = MinSizeRel|x64
		{C5342CF5-B9FC-4EFC-8D49-AAF963E8D55A}.RelWithDebInfo|x64.ActiveCfg = RelWithDebInfo|x64
		{C5342CF5-B9FC-4EFC-8D49-AAF963E8D55A}.RelWithDebInfo|x64.Build.0 = RelWithDebInfo|x64
		{FCB09172-64FE-4BE5-8A99-39882B17787F}.Debug|x64.ActiveCfg = Debug|x64
		{FCB09172-64FE-4BE5-8A99-39882B17787F}.Debug|x64.Build.0 = Debug|x64
		{FCB09172-64FE-4BE5-8A99-39882B17787F}.Release|x64.ActiveCfg = Release|x64
		{FCB09172-64FE-4BE5-8A99-39882B17787F}.Release|x64.Build.0 = Release|x64
		{FCB09172-64FE-4BE5-8A99-39882B17787F}.MinSizeRel|x64.ActiveCfg = MinSizeRel|x64
		{FCB09172-64FE-4BE5-8A99-39882B17787F}.MinSizeRel|x64.Build.0 = MinSizeRel|x64
		{FCB09172-64FE-4BE5-8A99-39882B17787F}.RelWithDebInfo|x64.ActiveCfg = RelWithDebInfo|x64
		{FCB09172-64FE-4BE5-8A99-39882B17787F}.RelWithDebInfo|x64.Build.0 = RelWithDebInfo|x64
		{436B29BB-C750-4FC3-A863-1C5BF2B3264C}.Debug|x64.ActiveCfg = Debug|x64
		{436B29BB-C750-4FC3-A863-1C5BF2B3264C}.Debug|x64.Build.0 = Debug|x64
		{436B29BB-C750-4FC3-A863-1C5BF2B3264C}.Release|x64.ActiveCfg = Release|x64
		{436B29BB-C750-4FC3-A863-1C5BF2B3264C}.Release|x64.Build.0 = Release|x64
		{436B29BB-C750-4FC3-A863-1C5BF2B3264C}.MinSizeRel|x64.ActiveCfg = MinSizeRel|x64
		{436B29BB-C750-4FC3-A863-1C5BF2B3264C}.MinSizeRel|x64.Build.0 = MinSizeRel|x64
		{436B29BB-C750-4FC3-A863-1C5BF2B3264C}.RelWithDebInfo|x64.ActiveCfg = RelWithDebInfo|x64
		{436B29BB-C750-4FC3-A863-1C5BF2B3264C}.RelWithDebInfo|x64.Build.0 = RelWithDebInfo|x64
		{82C7CDDD-42E7-4B2A-8125-39D576368ECC}.Debug|x64.ActiveCfg = Debug|x64
		{82C7CDDD-42E7-4B2A-8125-39D576368ECC}.Debug|x64.Build.0 = Debug|x64
		{82C7CDDD-42E7-4B2A-8125-39D576368ECC}.Release|x64.ActiveCfg = Release|x64
		{82C7CDDD-42E7-4B2A-8125-39D576368ECC}.Release|x64.Build.0 = Release|x64
		{82C7CDDD-42E7-4B2A-8125-39D576368ECC}.MinSizeRel|x64.ActiveCfg = MinSizeRel|x64
		{82C7CDDD-42E7-4B2A-8125-39D576368ECC}.MinSizeRel|x64.Build.0 = MinSizeRel|x64
		{82C7CDDD-42E7-4B2A-8125-39D576368ECC}.RelWithDebInfo|x64.ActiveCfg = RelWithDebInfo|x64
		{82C7CDDD-42E7-4B2A-8125-39D576368ECC}.RelWithDebInfo|x64.Build.0 = RelWithDebInfo|x64
		{5982EC21-EB5F-46DB-958D-29C331A85CD5}.Debug|x64.ActiveCfg = Debug|x64
		{5982EC21-EB5F-46DB-958D-29C331A85CD5}.Debug|x64.Build.0 = Debug|x64
		{5982EC21-EB5F-46DB-958D-29C331A85CD5}.Release|x64.ActiveCfg = Release|x64
		{5982EC21-EB5F-46DB-958D-29C331A85CD5}.Release|x64.Build.0 = Release|x64
		{5982EC21-EB5F-46DB-958D-29C331A85CD5}.MinSizeRel|x64.ActiveCfg = MinSizeRel|x64
		{5982EC21-EB5F-46DB-958D-29C331A85CD5}.MinSizeRel|x64.Build.0 = MinSizeRel|x64
		{5982EC21-EB5F-46DB-958D-29C331A85CD5}.RelWithDebInfo|x64.ActiveCfg = RelWithDebInfo|x64
		{5982EC21-EB5F-46DB-958D-29C331A85CD5}.RelWithDebInfo|x64.Build.0 = RelWithDebInfo|x64
		{DE9B3D05-8F15-4868-82F2-65C1B4167CB8}.Debug|x64.ActiveCfg = Debug|x64
		{DE9B3D05-8F15-4868-82F2-65C1B4167CB8}.Debug|x64.Build.0 = Debug|x64
		{DE9B3D05-8F15-4868-82F2-65C1B4167CB8}.Release|x64.ActiveCfg = Release|x64
		{DE9B3D05-8F15-4868-82F2-65C1B4167CB8}.Release|x64.Build.0 = Release|x64
		{DE9B3D05-8F15-4868-82F2-65C1B4167CB8}.MinSizeRel|x64.ActiveCfg = MinSizeRel|x64
		{DE9B3D05-8F15-4868-82F2-65C1B4167CB8}.MinSizeRel|x64.Build.0 = MinSizeRel|x64
		{DE9B3D05-8F15-4868-82F2-65C1B4167CB8}.RelWithDebInfo|x64.ActiveCfg = RelWithDebInfo|x64
		{DE9B3D05-8F15-4868-82F2-65C1B4167CB8}.RelWithDebInfo|x64.Build.0 = RelWithDebInfo|x64
		{41F8EE83-AC5E-4DAF-A446-C2019F075D11}.Debug|x64.ActiveCfg = Debug|x64
		{41F8EE83-AC5E-4DAF-A446-C2019F075D11}.Debug|x64.Build.0 = Debug|x64
		{41F8EE83-AC5E-4DAF-A446-C2019F075D11}.Release|x64.ActiveCfg = Release|x64
		{41F8EE83-AC5E-4DAF-A446-C2019F075D11}.Release|x64.Build.0 = Release|x64
		{41F8EE83-AC5E-4DAF-A446-C2019F075D11}.MinSizeRel|x64.ActiveCfg = MinSizeRel|x64
		{41F8EE83-AC5E-4DAF-A446-C2019F075D11}.MinSizeRel|x64.Build.0 = MinSizeRel|x64
		{41F8EE83-AC5E-4DAF-A446-C2019F075D11}.RelWithDebInfo|x64.ActiveCfg = RelWithDebInfo|x64
		{41F8EE83-AC5E-4DAF-A446-C2019F075D11}.RelWithDebInfo|x64.Build.0 = RelWithDebInfo|x64
		{EAE32B89-F06E-4103-B61C-35CDEC7EF0F6}.Debug|x64.ActiveCfg = Debug|x64
		{EAE32B89-F06E-4103-B61C-35CDEC7EF0F6}.Debug|x64.Build.0 = Debug|x64
		{EAE32B89-F06E-4103-B61C-35CDEC7EF0F6}.Release|x64.ActiveCfg = Release|x64
		{EAE32B89-F06E-4103-B61C-35CDEC7EF0F6}.Release|x64.Build.0 = Release|x64
		{EAE32B89-F06E-4103-B61C-35CDEC7EF0F6}.MinSizeRel|x64.ActiveCfg = MinSizeRel|x64
		{EAE32B89-F06E-4103-B61C-35CDEC7EF0F6}.MinSizeRel|x64.Build.0 = MinSizeRel|x64
		{EAE32B89-F06E-4103-B61C-35CDEC7EF0F6}.RelWithDebInfo|x64.ActiveCfg = RelWithDebInfo|x64
		{EAE32B89-F06E-4103-B61C-35CDEC7EF0F6}.RelWithDebInfo|x64.Build.0 = RelWithDebInfo|x64
		{004E059E-E20C-49B0-B2D1-C9A4BC2FE1FB}.Debug|x64.ActiveCfg = Debug|x64
		{004E059E-E20C-49B0-B2D1-C9A4BC2FE1FB}.Debug|x64.Build.0 = Debug|x64
		{004E059E-E20C-49B0-B2D1-C9A4BC2FE1FB}.Release|x64.ActiveCfg = Release|x64
		{004E059E-E20C-49B0-B2D1-C9A4BC2FE1FB}.Release|x64.Build.0 = Release|x64
		{004E059E-E20C-49B0-B2D1-C9A4BC2FE1FB}.MinSizeRel|x64.ActiveCfg = MinSizeRel|x64
		{004E059E-E20C-49B0-B2D1-C9A4BC2FE1FB}.MinSizeRel|x64.Build.0 = MinSizeRel|x64
		{004E059E-E20C-49B0-B2D1-C9A4BC2FE1FB}.RelWithDebInfo|x64.ActiveCfg = RelWithDebInfo|x64
		{004E059E-E20C-49B0-B2D1-C9A4BC2FE1FB}.RelWithDebInfo|x64.Build.0 = RelWithDebInfo|x64
		{BDDF16C9-0563-4B6E-BF91-87697F7514CE}.Debug|x64.ActiveCfg = Debug|x64
		{BDDF16C9-0563-4B6E-BF91-87697F7514CE}.Debug|x64.Build.0 = Debug|x64
		{BDDF16C9-0563-4B6E-BF91-87697F7514CE}.Release|x64.ActiveCfg = Release|x64
		{BDDF16C9-0563-4B6E-BF91-87697F7514CE}.Release|x64.Build.0 = Release|x64
		{BDDF16C9-0563-4B6E-BF91-87697F7514CE}.MinSizeRel|x64.ActiveCfg = MinSizeRel|x64
		{BDDF16C9-0563-4B6E-BF91-87697F7514CE}.MinSizeRel|x64.Build.0 = MinSizeRel|x64
		{BDDF16C9-0563-4B6E-BF91-87697F7514CE}.RelWithDebInfo|x64.ActiveCfg = RelWithDebInfo|x64
		{BDDF16C9-0563-4B6E-BF91-87697F7514CE}.RelWithDebInfo|x64.Build.0 = RelWithDebInfo|x64
		{6FBF80C9-9575-4E24-B2A7-AE007385C9F8}.Debug|x64.ActiveCfg = Debug|x64
		{6FBF80C9-9575-4E24-B2A7-AE007385C9F8}.Debug|x64.Build.0 = Debug|x64
		{6FBF80C9-9575-4E24-B2A7-AE007385C9F8}.Release|x64.ActiveCfg = Release|x64
		{6FBF80C9-9575-4E24-B2A7-AE007385C9F8}.Release|x64.Build.0 = Release|x64
		{6FBF80C9-9575-4E24-B2A7-AE007385C9F8}.MinSizeRel|x64.ActiveCfg = MinSizeRel|x64
		{6FBF80C9-9575-4E24-B2A7-AE007385C9F8}.MinSizeRel|x64.Build.0 = MinSizeRel|x64
		{6FBF80C9-9575-4E24-B2A7-AE007385C9F8}.RelWithDebInfo|x64.ActiveCfg = RelWithDebInfo|x64
		{6FBF80C9-9575-4E24-B2A7-AE007385C9F8}.RelWithDebInfo|x64.Build.0 = RelWithDebInfo|x64
		{46244277-855A-41D5-8C10-707D74DF4C2C}.Debug|x64.ActiveCfg = Debug|x64
		{46244277-855A-41D5-8C10-707D74DF4C2C}.Debug|x64.Build.0 = Debug|x64
		{46244277-855A-41D5-8C10-707D74DF4C2C}.Release|x64.ActiveCfg = Release|x64
		{46244277-855A-41D5-8C10-707D74DF4C2C}.Release|x64.Build.0 = Release|x64
		{46244277-855A-41D5-8C10-707D74DF4C2C}.MinSizeRel|x64.ActiveCfg = MinSizeRel|x64
		{46244277-855A-41D5-8C10-707D74DF4C2C}.MinSizeRel|x64.Build.0 = MinSizeRel|x64
		{46244277-855A-41D5-8C10-707D74DF4C2C}.RelWithDebInfo|x64.ActiveCfg = RelWithDebInfo|x64
		{46244277-855A-41D5-8C10-707D74DF4C2C}.RelWithDebInfo|x64.Build.0 = RelWithDebInfo|x64
		{502E4793-1B3D-4ACE-861D-2415972CCAFA}.Debug|x64.ActiveCfg = Debug|x64
		{502E4793-1B3D-4ACE-861D-2415972CCAFA}.Debug|x64.Build.0 = Debug|x64
		{502E4793-1B3D-4ACE-861D-2415972CCAFA}.Release|x64.ActiveCfg = Release|x64
		{502E4793-1B3D-4ACE-861D-2415972CCAFA}.Release|x64.Build.0 = Release|x64
		{502E4793-1B3D-4ACE-861D-2415972CCAFA}.MinSizeRel|x64.ActiveCfg = MinSizeRel|x64
		{502E4793-1B3D-4ACE-861D-2415972CCAFA}.MinSizeRel|x64.Build.0 = MinSizeRel|x64
		{502E4793-1B3D-4ACE-861D-2415972CCAFA}.RelWithDebInfo|x64.ActiveCfg = RelWithDebInfo|x64
		{502E4793-1B3D-4ACE-861D-2415972CCAFA}.RelWithDebInfo|x64.Build.0 = RelWithDebInfo|x64
		{6F113BD6-3567-43AA-A779-B9E2DE96209E}.Debug|x64.ActiveCfg = Debug|x64
		{6F113BD6-3567-43AA-A779-B9E2DE96209E}.Debug|x64.Build.0 = Debug|x64
		{6F113BD6-3567-43AA-A779-B9E2DE96209E}.Release|x64.ActiveCfg = Release|x64
		{6F113BD6-3567-43AA-A779-B9E2DE96209E}.Release|x64.Build.0 = Release|x64
		{6F113BD6-3567-43AA-A779-B9E2DE96209E}.MinSizeRel|x64.ActiveCfg = MinSizeRel|x64
		{6F113BD6-3567-43AA-A779-B9E2DE96209E}.MinSizeRel|x64.Build.0 = MinSizeRel|x64
		{6F113BD6-3567-43AA-A779-B9E2DE96209E}.RelWithDebInfo|x64.ActiveCfg = RelWithDebInfo|x64
		{6F113BD6-3567-43AA-A779-B9E2DE96209E}.RelWithDebInfo|x64.Build.0 = RelWithDebInfo|x64
		{8D3207C5-2BB4-44E4-9E0B-0C86506A8D7E}.Debug|x64.ActiveCfg = Debug|x64
		{8D3207C5-2BB4-44E4-9E0B-0C86506A8D7E}.Debug|x64.Build.0 = Debug|x64
		{8D3207C5-2BB4-44E4-9E0B-0C86506A8D7E}.Release|x64.ActiveCfg = Release|x64
		{8D3207C5-2BB4-44E4-9E0B-0C86506A8D7E}.Release|x64.Build.0 = Release|x64
		{8D3207C5-2BB4-44E4-9E0B-0C86506A8D7E}.MinSizeRel|x64.ActiveCfg = MinSizeRel|x64
		{8D3207C5-2BB4-44E4-9E0B-0C86506A8D7E}.MinSizeRel|x64.Build.0 = MinSizeRel|x64
		{8D3207C5-2BB4-44E4-9E0B-0C86506A8D7E}.RelWithDebInfo|x64.ActiveCfg = RelWithDebInfo|x64
		{8D3207C5-2BB4-44E4-9E0B-0C86506A8D7E}.RelWithDebInfo|x64.Build.0 = RelWithDebInfo|x64
		{FF91B6DE-6998-47F6-86A6-E2BA7B9423EC}.Debug|x64.ActiveCfg = Debug|x64
		{FF91B6DE-6998-47F6-86A6-E2BA7B9423EC}.Debug|x64.Build.0 = Debug|x64
		{FF91B6DE-6998-47F6-86A6-E2BA7B9423EC}.Release|x64.ActiveCfg = Release|x64
		{FF91B6DE-6998-47F6-86A6-E2BA7B9423EC}.Release|x64.Build.0 = Release|x64
		{FF91B6DE-6998-47F6-86A6-E2BA7B9423EC}.MinSizeRel|x64.ActiveCfg = MinSizeRel|x64
		{FF91B6DE-6998-47F6-86A6-E2BA7B9423EC}.MinSizeRel|x64.Build.0 = MinSizeRel|x64
		{FF91B6DE-6998-47F6-86A6-E2BA7B9423EC}.RelWithDebInfo|x64.ActiveCfg = RelWithDebInfo|x64
		{FF91B6DE-6998-47F6-86A6-E2BA7B9423EC}.RelWithDebInfo|x64.Build.0 = RelWithDebInfo|x64
		{5540A828-B8AE-4412-BEBC-2E5146939D66}.Debug|x64.ActiveCfg = Debug|x64
		{5540A828-B8AE-4412-BEBC-2E5146939D66}.Release|x64.ActiveCfg = Release|x64
		{5540A828-B8AE-4412-BEBC-2E5146939D66}.MinSizeRel|x64.ActiveCfg = MinSizeRel|x64
		{5540A828-B8AE-4412-BEBC-2E5146939D66}.RelWithDebInfo|x64.ActiveCfg = RelWithDebInfo|x64
		{40B1F77A-FF09-482E-9830-7392BE8DD8BB}.Debug|x64.ActiveCfg = Debug|x64
		{40B1F77A-FF09-482E-9830-7392BE8DD8BB}.Debug|x64.Build.0 = Debug|x64
		{40B1F77A-FF09-482E-9830-7392BE8DD8BB}.Release|x64.ActiveCfg = Release|x64
		{40B1F77A-FF09-482E-9830-7392BE8DD8BB}.Release|x64.Build.0 = Release|x64
		{40B1F77A-FF09-482E-9830-7392BE8DD8BB}.MinSizeRel|x64.ActiveCfg = MinSizeRel|x64
		{40B1F77A-FF09-482E-9830-7392BE8DD8BB}.MinSizeRel|x64.Build.0 = MinSizeRel|x64
		{40B1F77A-FF09-482E-9830-7392BE8DD8BB}.RelWithDebInfo|x64.ActiveCfg = RelWithDebInfo|x64
		{40B1F77A-FF09-482E-9830-7392BE8DD8BB}.RelWithDebInfo|x64.Build.0 = RelWithDebInfo|x64
		{96FCB6AF-B4F0-43F4-8CC3-E403EC8DA2AB}.Debug|x64.ActiveCfg = Debug|x64
		{96FCB6AF-B4F0-43F4-8CC3-E403EC8DA2AB}.Debug|x64.Build.0 = Debug|x64
		{96FCB6AF-B4F0-43F4-8CC3-E403EC8DA2AB}.Release|x64.ActiveCfg = Release|x64
		{96FCB6AF-B4F0-43F4-8CC3-E403EC8DA2AB}.Release|x64.Build.0 = Release|x64
		{96FCB6AF-B4F0-43F4-8CC3-E403EC8DA2AB}.MinSizeRel|x64.ActiveCfg = MinSizeRel|x64
		{96FCB6AF-B4F0-43F4-8CC3-E403EC8DA2AB}.MinSizeRel|x64.Build.0 = MinSizeRel|x64
		{96FCB6AF-B4F0-43F4-8CC3-E403EC8DA2AB}.RelWithDebInfo|x64.ActiveCfg = RelWithDebInfo|x64
		{96FCB6AF-B4F0-43F4-8CC3-E403EC8DA2AB}.RelWithDebInfo|x64.Build.0 = RelWithDebInfo|x64
		{B1EB8688-CF32-49DA-9D0F-00F793CDDD95}.Debug|x64.ActiveCfg = Debug|x64
		{B1EB8688-CF32-49DA-9D0F-00F793CDDD95}.Release|x64.ActiveCfg = Release|x64
		{B1EB8688-CF32-49DA-9D0F-00F793CDDD95}.MinSizeRel|x64.ActiveCfg = MinSizeRel|x64
		{B1EB8688-CF32-49DA-9D0F-00F793CDDD95}.RelWithDebInfo|x64.ActiveCfg = RelWithDebInfo|x64
		{66162A73-2127-456A-B89A-FC2782F16FCE}.Debug|x64.ActiveCfg = Debug|x64
		{66162A73-2127-456A-B89A-FC2782F16FCE}.Debug|x64.Build.0 = Debug|x64
		{66162A73-2127-456A-B89A-FC2782F16FCE}.Release|x64.ActiveCfg = Release|x64
		{66162A73-2127-456A-B89A-FC2782F16FCE}.Release|x64.Build.0 = Release|x64
		{66162A73-2127-456A-B89A-FC2782F16FCE}.MinSizeRel|x64.ActiveCfg = MinSizeRel|x64
		{66162A73-2127-456A-B89A-FC2782F16FCE}.MinSizeRel|x64.Build.0 = MinSizeRel|x64
		{66162A73-2127-456A-B89A-FC2782F16FCE}.RelWithDebInfo|x64.ActiveCfg = RelWithDebInfo|x64
		{66162A73-2127-456A-B89A-FC2782F16FCE}.RelWithDebInfo|x64.Build.0 = RelWithDebInfo|x64
		{AD88064D-3B22-4148-96BF-A845D7295FB7}.Debug|x64.ActiveCfg = Debug|x64
		{AD88064D-3B22-4148-96BF-A845D7295FB7}.Debug|x64.Build.0 = Debug|x64
		{AD88064D-3B22-4148-96BF-A845D7295FB7}.Release|x64.ActiveCfg = Release|x64
		{AD88064D-3B22-4148-96BF-A845D7295FB7}.Release|x64.Build.0 = Release|x64
		{AD88064D-3B22-4148-96BF-A845D7295FB7}.MinSizeRel|x64.ActiveCfg = MinSizeRel|x64
		{AD88064D-3B22-4148-96BF-A845D7295FB7}.MinSizeRel|x64.Build.0 = MinSizeRel|x64
		{AD88064D-3B22-4148-96BF-A845D7295FB7}.RelWithDebInfo|x64.ActiveCfg = RelWithDebInfo|x64
		{AD88064D-3B22-4148-96BF-A845D7295FB7}.RelWithDebInfo|x64.Build.0 = RelWithDebInfo|x64
		{444B53E0-22E2-4294-A430-37DA2223B0B4}.Debug|x64.ActiveCfg = Debug|x64
		{444B53E0-22E2-4294-A430-37DA2223B0B4}.Debug|x64.Build.0 = Debug|x64
		{444B53E0-22E2-4294-A430-37DA2223B0B4}.Release|x64.ActiveCfg = Release|x64
		{444B53E0-22E2-4294-A430-37DA2223B0B4}.Release|x64.Build.0 = Release|x64
		{444B53E0-22E2-4294-A430-37DA2223B0B4}.MinSizeRel|x64.ActiveCfg = MinSizeRel|x64
		{444B53E0-22E2-4294-A430-37DA2223B0B4}.MinSizeRel|x64.Build.0 = MinSizeRel|x64
		{444B53E0-22E2-4294-A430-37DA2223B0B4}.RelWithDebInfo|x64.ActiveCfg = RelWithDebInfo|x64
		{444B53E0-22E2-4294-A430-37DA2223B0B4}.RelWithDebInfo|x64.Build.0 = RelWithDebInfo|x64
		{B2A71ED6-4420-49A9-AB86-06747B0AE010}.Debug|x64.ActiveCfg = Debug|x64
		{B2A71ED6-4420-49A9-AB86-06747B0AE010}.Debug|x64.Build.0 = Debug|x64
		{B2A71ED6-4420-49A9-AB86-06747B0AE010}.Release|x64.ActiveCfg = Release|x64
		{B2A71ED6-4420-49A9-AB86-06747B0AE010}.Release|x64.Build.0 = Release|x64
		{B2A71ED6-4420-49A9-AB86-06747B0AE010}.MinSizeRel|x64.ActiveCfg = MinSizeRel|x64
		{B2A71ED6-4420-49A9-AB86-06747B0AE010}.MinSizeRel|x64.Build.0 = MinSizeRel|x64
		{B2A71ED6-4420-49A9-AB86-06747B0AE010}.RelWithDebInfo|x64.ActiveCfg = RelWithDebInfo|x64
		{B2A71ED6-4420-49A9-AB86-06747B0AE010}.RelWithDebInfo|x64.Build.0 = RelWithDebInfo|x64
		{DC07AE30-36E0-4F64-8A68-9C08EE9B2C44}.Debug|x64.ActiveCfg = Debug|x64
		{DC07AE30-36E0-4F64-8A68-9C08EE9B2C44}.Debug|x64.Build.0 = Debug|x64
		{DC07AE30-36E0-4F64-8A68-9C08EE9B2C44}.Release|x64.ActiveCfg = Release|x64
		{DC07AE30-36E0-4F64-8A68-9C08EE9B2C44}.Release|x64.Build.0 = Release|x64
		{DC07AE30-36E0-4F64-8A68-9C08EE9B2C44}.MinSizeRel|x64.ActiveCfg = MinSizeRel|x64
		{DC07AE30-36E0-4F64-8A68-9C08EE9B2C44}.MinSizeRel|x64.Build.0 = MinSizeRel|x64
		{DC07AE30-36E0-4F64-8A68-9C08EE9B2C44}.RelWithDebInfo|x64.ActiveCfg = RelWithDebInfo|x64
		{DC07AE30-36E0-4F64-8A68-9C08EE9B2C44}.RelWithDebInfo|x64.Build.0 = RelWithDebInfo|x64
		{59BA794E-92A4-4226-80FA-4F3A45F05C23}.Debug|x64.ActiveCfg = Debug|x64
		{59BA794E-92A4-4226-80FA-4F3A45F05C23}.Debug|x64.Build.0 = Debug|x64
		{59BA794E-92A4-4226-80FA-4F3A45F05C23}.Release|x64.ActiveCfg = Release|x64
		{59BA794E-92A4-4226-80FA-4F3A45F05C23}.Release|x64.Build.0 = Release|x64
		{59BA794E-92A4-4226-80FA-4F3A45F05C23}.MinSizeRel|x64.ActiveCfg = MinSizeRel|x64
		{59BA794E-92A4-4226-80FA-4F3A45F05C23}.MinSizeRel|x64.Build.0 = MinSizeRel|x64
		{59BA794E-92A4-4226-80FA-4F3A45F05C23}.RelWithDebInfo|x64.ActiveCfg = RelWithDebInfo|x64
		{59BA794E-92A4-4226-80FA-4F3A45F05C23}.RelWithDebInfo|x64.Build.0 = RelWithDebInfo|x64
		{752F08A7-99FA-4577-A613-92FDA7BC3B40}.Debug|x64.ActiveCfg = Debug|x64
		{752F08A7-99FA-4577-A613-92FDA7BC3B40}.Debug|x64.Build.0 = Debug|x64
		{752F08A7-99FA-4577-A613-92FDA7BC3B40}.Release|x64.ActiveCfg = Release|x64
		{752F08A7-99FA-4577-A613-92FDA7BC3B40}.Release|x64.Build.0 = Release|x64
		{752F08A7-99FA-4577-A613-92FDA7BC3B40}.MinSizeRel|x64.ActiveCfg = MinSizeRel|x64
		{752F08A7-99FA-4577-A613-92FDA7BC3B40}.MinSizeRel|x64.Build.0 = MinSizeRel|x64
		{752F08A7-99FA-4577-A613-92FDA7BC3B40}.RelWithDebInfo|x64.ActiveCfg = RelWithDebInfo|x64
		{752F08A7-99FA-4577-A613-92FDA7BC3B40}.RelWithDebInfo|x64.Build.0 = RelWithDebInfo|x64
		{F6719ED5-6E9D-48C0-A433-92960A560E61}.Debug|x64.ActiveCfg = Debug|x64
		{F6719ED5-6E9D-48C0-A433-92960A560E61}.Debug|x64.Build.0 = Debug|x64
		{F6719ED5-6E9D-48C0-A433-92960A560E61}.Release|x64.ActiveCfg = Release|x64
		{F6719ED5-6E9D-48C0-A433-92960A560E61}.Release|x64.Build.0 = Release|x64
		{F6719ED5-6E9D-48C0-A433-92960A560E61}.MinSizeRel|x64.ActiveCfg = MinSizeRel|x64
		{F6719ED5-6E9D-48C0-A433-92960A560E61}.MinSizeRel|x64.Build.0 = MinSizeRel|x64
		{F6719ED5-6E9D-48C0-A433-92960A560E61}.RelWithDebInfo|x64.ActiveCfg = RelWithDebInfo|x64
		{F6719ED5-6E9D-48C0-A433-92960A560E61}.RelWithDebInfo|x64.Build.0 = RelWithDebInfo|x64
		{E5372154-B016-40C9-9131-59893B786730}.Debug|x64.ActiveCfg = Debug|x64
		{E5372154-B016-40C9-9131-59893B786730}.Debug|x64.Build.0 = Debug|x64
		{E5372154-B016-40C9-9131-59893B786730}.Release|x64.ActiveCfg = Release|x64
		{E5372154-B016-40C9-9131-59893B786730}.Release|x64.Build.0 = Release|x64
		{E5372154-B016-40C9-9131-59893B786730}.MinSizeRel|x64.ActiveCfg = MinSizeRel|x64
		{E5372154-B016-40C9-9131-59893B786730}.MinSizeRel|x64.Build.0 = MinSizeRel|x64
		{E5372154-B016-40C9-9131-59893B786730}.RelWithDebInfo|x64.ActiveCfg = RelWithDebInfo|x64
		{E5372154-B016-40C9-9131-59893B786730}.RelWithDebInfo|x64.Build.0 = RelWithDebInfo|x64
		{3215F753-1E91-4F5F-894C-CF5A6B078E1A}.Debug|x64.ActiveCfg = Debug|x64
		{3215F753-1E91-4F5F-894C-CF5A6B078E1A}.Debug|x64.Build.0 = Debug|x64
		{3215F753-1E91-4F5F-894C-CF5A6B078E1A}.Release|x64.ActiveCfg = Release|x64
		{3215F753-1E91-4F5F-894C-CF5A6B078E1A}.Release|x64.Build.0 = Release|x64
		{3215F753-1E91-4F5F-894C-CF5A6B078E1A}.MinSizeRel|x64.ActiveCfg = MinSizeRel|x64
		{3215F753-1E91-4F5F-894C-CF5A6B078E1A}.MinSizeRel|x64.Build.0 = MinSizeRel|x64
		{3215F753-1E91-4F5F-894C-CF5A6B078E1A}.RelWithDebInfo|x64.ActiveCfg = RelWithDebInfo|x64
		{3215F753-1E91-4F5F-894C-CF5A6B078E1A}.RelWithDebInfo|x64.Build.0 = RelWithDebInfo|x64
		{391F9D73-419B-49D1-8C98-10FBBEC59C96}.Debug|x64.ActiveCfg = Debug|x64
		{391F9D73-419B-49D1-8C98-10FBBEC59C96}.Debug|x64.Build.0 = Debug|x64
		{391F9D73-419B-49D1-8C98-10FBBEC59C96}.Release|x64.ActiveCfg = Release|x64
		{391F9D73-419B-49D1-8C98-10FBBEC59C96}.Release|x64.Build.0 = Release|x64
		{391F9D73-419B-49D1-8C98-10FBBEC59C96}.MinSizeRel|x64.ActiveCfg = MinSizeRel|x64
		{391F9D73-419B-49D1-8C98-10FBBEC59C96}.MinSizeRel|x64.Build.0 = MinSizeRel|x64
		{391F9D73-419B-49D1-8C98-10FBBEC59C96}.RelWithDebInfo|x64.ActiveCfg = RelWithDebInfo|x64
		{391F9D73-419B-49D1-8C98-10FBBEC59C96}.RelWithDebInfo|x64.Build.0 = RelWithDebInfo|x64
	EndGlobalSection
	GlobalSection(ExtensibilityGlobals) = postSolution
	EndGlobalSection
	GlobalSection(ExtensibilityAddIns) = postSolution
	EndGlobalSection
EndGlobal
